// !$*UTF8*$!
{
	archiveVersion = 1;
	classes = {
	};
	objectVersion = 50;
	objects = {

/* Begin PBXBuildFile section */
		DE0993542571FD36000D2D39 /* AppDelegate.swift in Sources */ = {isa = PBXBuildFile; fileRef = DE0993532571FD36000D2D39 /* AppDelegate.swift */; };
		DE0993582571FD36000D2D39 /* ViewController.swift in Sources */ = {isa = PBXBuildFile; fileRef = DE0993572571FD36000D2D39 /* ViewController.swift */; };
		DE09935B2571FD36000D2D39 /* Main.storyboard in Resources */ = {isa = PBXBuildFile; fileRef = DE0993592571FD36000D2D39 /* Main.storyboard */; };
		DE09935D2571FD37000D2D39 /* Assets.xcassets in Resources */ = {isa = PBXBuildFile; fileRef = DE09935C2571FD37000D2D39 /* Assets.xcassets */; };
		DE0993602571FD37000D2D39 /* LaunchScreen.storyboard in Resources */ = {isa = PBXBuildFile; fileRef = DE09935E2571FD37000D2D39 /* LaunchScreen.storyboard */; };
		DE09936C2571FFEC000D2D39 /* Utility.swift in Sources */ = {isa = PBXBuildFile; fileRef = DE09936B2571FFEC000D2D39 /* Utility.swift */; };
		DEF2B89A2573FF4600736BA1 /* README.md in Resources */ = {isa = PBXBuildFile; fileRef = DEF2B8992573FF4600736BA1 /* README.md */; };
		DEF673082572086A0044E1F8 /* Question.swift in Sources */ = {isa = PBXBuildFile; fileRef = DEF673072572086A0044E1F8 /* Question.swift */; };
		DEF67320257214210044E1F8 /* QuestionViewCell.swift in Sources */ = {isa = PBXBuildFile; fileRef = DEF6731F257214210044E1F8 /* QuestionViewCell.swift */; };
		DEF67326257222C00044E1F8 /* DataSource.swift in Sources */ = {isa = PBXBuildFile; fileRef = DEF67325257222C00044E1F8 /* DataSource.swift */; };
		DEF673292572B1010044E1F8 /* Notification.swift in Sources */ = {isa = PBXBuildFile; fileRef = DEF673282572B1010044E1F8 /* Notification.swift */; };
		DEF67347257363E20044E1F8 /* String.swift in Sources */ = {isa = PBXBuildFile; fileRef = DEF67346257363E20044E1F8 /* String.swift */; };
		DEF6734A2573F3C40044E1F8 /* PreviewQuestion.swift in Sources */ = {isa = PBXBuildFile; fileRef = DEF673492573F3C40044E1F8 /* PreviewQuestion.swift */; };
/* End PBXBuildFile section */

/* Begin PBXFileReference section */
		DE0993502571FD36000D2D39 /* SOFetch.app */ = {isa = PBXFileReference; explicitFileType = wrapper.application; includeInIndex = 0; path = SOFetch.app; sourceTree = BUILT_PRODUCTS_DIR; };
		DE0993532571FD36000D2D39 /* AppDelegate.swift */ = {isa = PBXFileReference; lastKnownFileType = sourcecode.swift; path = AppDelegate.swift; sourceTree = "<group>"; };
		DE0993572571FD36000D2D39 /* ViewController.swift */ = {isa = PBXFileReference; lastKnownFileType = sourcecode.swift; path = ViewController.swift; sourceTree = "<group>"; };
		DE09935A2571FD36000D2D39 /* Base */ = {isa = PBXFileReference; lastKnownFileType = file.storyboard; name = Base; path = Base.lproj/Main.storyboard; sourceTree = "<group>"; };
		DE09935C2571FD37000D2D39 /* Assets.xcassets */ = {isa = PBXFileReference; lastKnownFileType = folder.assetcatalog; path = Assets.xcassets; sourceTree = "<group>"; };
		DE09935F2571FD37000D2D39 /* Base */ = {isa = PBXFileReference; lastKnownFileType = file.storyboard; name = Base; path = Base.lproj/LaunchScreen.storyboard; sourceTree = "<group>"; };
		DE0993612571FD37000D2D39 /* Info.plist */ = {isa = PBXFileReference; lastKnownFileType = text.plist.xml; path = Info.plist; sourceTree = "<group>"; };
		DE09936B2571FFEC000D2D39 /* Utility.swift */ = {isa = PBXFileReference; lastKnownFileType = sourcecode.swift; path = Utility.swift; sourceTree = "<group>"; };
		DEF2B8992573FF4600736BA1 /* README.md */ = {isa = PBXFileReference; fileEncoding = 4; lastKnownFileType = net.daringfireball.markdown; path = README.md; sourceTree = "<group>"; };
		DEF673072572086A0044E1F8 /* Question.swift */ = {isa = PBXFileReference; lastKnownFileType = sourcecode.swift; path = Question.swift; sourceTree = "<group>"; };
		DEF6731F257214210044E1F8 /* QuestionViewCell.swift */ = {isa = PBXFileReference; lastKnownFileType = sourcecode.swift; path = QuestionViewCell.swift; sourceTree = "<group>"; };
		DEF67325257222C00044E1F8 /* DataSource.swift */ = {isa = PBXFileReference; lastKnownFileType = sourcecode.swift; path = DataSource.swift; sourceTree = "<group>"; };
		DEF673282572B1010044E1F8 /* Notification.swift */ = {isa = PBXFileReference; lastKnownFileType = sourcecode.swift; path = Notification.swift; sourceTree = "<group>"; };
		DEF67346257363E20044E1F8 /* String.swift */ = {isa = PBXFileReference; lastKnownFileType = sourcecode.swift; path = String.swift; sourceTree = "<group>"; };
		DEF673492573F3C40044E1F8 /* PreviewQuestion.swift */ = {isa = PBXFileReference; lastKnownFileType = sourcecode.swift; path = PreviewQuestion.swift; sourceTree = "<group>"; };
/* End PBXFileReference section */

/* Begin PBXFrameworksBuildPhase section */
		DE09934D2571FD36000D2D39 /* Frameworks */ = {
			isa = PBXFrameworksBuildPhase;
			buildActionMask = 2147483647;
			files = (
			);
			runOnlyForDeploymentPostprocessing = 0;
		};
/* End PBXFrameworksBuildPhase section */

/* Begin PBXGroup section */
		DE0993472571FD36000D2D39 = {
			isa = PBXGroup;
			children = (
				DEF2B8992573FF4600736BA1 /* README.md */,
				DE0993522571FD36000D2D39 /* SOFetch */,
				DE0993512571FD36000D2D39 /* Products */,
			);
			sourceTree = "<group>";
		};
		DE0993512571FD36000D2D39 /* Products */ = {
			isa = PBXGroup;
			children = (
				DE0993502571FD36000D2D39 /* SOFetch.app */,
			);
			name = Products;
			sourceTree = "<group>";
		};
		DE0993522571FD36000D2D39 /* SOFetch */ = {
			isa = PBXGroup;
			children = (
				DEF67306257208590044E1F8 /* Model */,
				DE09936A2571FF95000D2D39 /* View */,
				DE0993692571FF87000D2D39 /* View Model - Utility */,
				DE0993532571FD36000D2D39 /* AppDelegate.swift */,
				DE09935C2571FD37000D2D39 /* Assets.xcassets */,
				DE09935E2571FD37000D2D39 /* LaunchScreen.storyboard */,
				DE0993612571FD37000D2D39 /* Info.plist */,
			);
			path = SOFetch;
			sourceTree = "<group>";
		};
		DE0993692571FF87000D2D39 /* View Model - Utility */ = {
			isa = PBXGroup;
			children = (
				DE09936B2571FFEC000D2D39 /* Utility.swift */,
			);
			path = "View Model - Utility";
			sourceTree = "<group>";
		};
		DE09936A2571FF95000D2D39 /* View */ = {
			isa = PBXGroup;
			children = (
				DEF6734C2573F5B60044E1F8 /* Cell */,
				DEF67324257222B00044E1F8 /* Custom */,
				DE0993592571FD36000D2D39 /* Main.storyboard */,
				DE0993572571FD36000D2D39 /* ViewController.swift */,
				DEF673492573F3C40044E1F8 /* PreviewQuestion.swift */,
			);
			path = View;
			sourceTree = "<group>";
		};
		DEF67306257208590044E1F8 /* Model */ = {
			isa = PBXGroup;
			children = (
				DEF673072572086A0044E1F8 /* Question.swift */,
			);
			path = Model;
			sourceTree = "<group>";
		};
		DEF67324257222B00044E1F8 /* Custom */ = {
			isa = PBXGroup;
			children = (
				DEF67325257222C00044E1F8 /* DataSource.swift */,
				DEF673282572B1010044E1F8 /* Notification.swift */,
				DEF67346257363E20044E1F8 /* String.swift */,
			);
			path = Custom;
			sourceTree = "<group>";
		};
		DEF6734C2573F5B60044E1F8 /* Cell */ = {
			isa = PBXGroup;
			children = (
				DEF6731F257214210044E1F8 /* QuestionViewCell.swift */,
			);
			path = Cell;
			sourceTree = "<group>";
		};
/* End PBXGroup section */

/* Begin PBXNativeTarget section */
		DE09934F2571FD36000D2D39 /* SOFetch */ = {
			isa = PBXNativeTarget;
			buildConfigurationList = DE0993642571FD37000D2D39 /* Build configuration list for PBXNativeTarget "SOFetch" */;
			buildPhases = (
				DE09934C2571FD36000D2D39 /* Sources */,
				DE09934D2571FD36000D2D39 /* Frameworks */,
				DE09934E2571FD36000D2D39 /* Resources */,
			);
			buildRules = (
			);
			dependencies = (
			);
			name = SOFetch;
			productName = SOFetch;
			productReference = DE0993502571FD36000D2D39 /* SOFetch.app */;
			productType = "com.apple.product-type.application";
		};
/* End PBXNativeTarget section */

/* Begin PBXProject section */
		DE0993482571FD36000D2D39 /* Project object */ = {
			isa = PBXProject;
			attributes = {
				LastSwiftUpdateCheck = 1220;
				LastUpgradeCheck = 1220;
				TargetAttributes = {
					DE09934F2571FD36000D2D39 = {
						CreatedOnToolsVersion = 12.2;
					};
				};
			};
			buildConfigurationList = DE09934B2571FD36000D2D39 /* Build configuration list for PBXProject "SOFetch" */;
			compatibilityVersion = "Xcode 9.3";
			developmentRegion = en;
			hasScannedForEncodings = 0;
			knownRegions = (
				en,
				Base,
			);
			mainGroup = DE0993472571FD36000D2D39;
			productRefGroup = DE0993512571FD36000D2D39 /* Products */;
			projectDirPath = "";
			projectRoot = "";
			targets = (
				DE09934F2571FD36000D2D39 /* SOFetch */,
			);
		};
/* End PBXProject section */

/* Begin PBXResourcesBuildPhase section */
		DE09934E2571FD36000D2D39 /* Resources */ = {
			isa = PBXResourcesBuildPhase;
			buildActionMask = 2147483647;
			files = (
				DE0993602571FD37000D2D39 /* LaunchScreen.storyboard in Resources */,
				DE09935D2571FD37000D2D39 /* Assets.xcassets in Resources */,
				DEF2B89A2573FF4600736BA1 /* README.md in Resources */,
				DE09935B2571FD36000D2D39 /* Main.storyboard in Resources */,
			);
			runOnlyForDeploymentPostprocessing = 0;
		};
/* End PBXResourcesBuildPhase section */

/* Begin PBXSourcesBuildPhase section */
		DE09934C2571FD36000D2D39 /* Sources */ = {
			isa = PBXSourcesBuildPhase;
			buildActionMask = 2147483647;
			files = (
				DEF67326257222C00044E1F8 /* DataSource.swift in Sources */,
				DEF67320257214210044E1F8 /* QuestionViewCell.swift in Sources */,
				DE09936C2571FFEC000D2D39 /* Utility.swift in Sources */,
				DEF673292572B1010044E1F8 /* Notification.swift in Sources */,
				DEF673082572086A0044E1F8 /* Question.swift in Sources */,
				DEF6734A2573F3C40044E1F8 /* PreviewQuestion.swift in Sources */,
				DE0993582571FD36000D2D39 /* ViewController.swift in Sources */,
				DEF67347257363E20044E1F8 /* String.swift in Sources */,
				DE0993542571FD36000D2D39 /* AppDelegate.swift in Sources */,
			);
			runOnlyForDeploymentPostprocessing = 0;
		};
/* End PBXSourcesBuildPhase section */

/* Begin PBXVariantGroup section */
		DE0993592571FD36000D2D39 /* Main.storyboard */ = {
			isa = PBXVariantGroup;
			children = (
				DE09935A2571FD36000D2D39 /* Base */,
			);
			name = Main.storyboard;
			sourceTree = "<group>";
		};
		DE09935E2571FD37000D2D39 /* LaunchScreen.storyboard */ = {
			isa = PBXVariantGroup;
			children = (
				DE09935F2571FD37000D2D39 /* Base */,
			);
			name = LaunchScreen.storyboard;
			sourceTree = "<group>";
		};
/* End PBXVariantGroup section */

/* Begin XCBuildConfiguration section */
		DE0993622571FD37000D2D39 /* Debug */ = {
			isa = XCBuildConfiguration;
			buildSettings = {
				ALWAYS_SEARCH_USER_PATHS = NO;
				CLANG_ANALYZER_NONNULL = YES;
				CLANG_ANALYZER_NUMBER_OBJECT_CONVERSION = YES_AGGRESSIVE;
				CLANG_CXX_LANGUAGE_STANDARD = "gnu++14";
				CLANG_CXX_LIBRARY = "libc++";
				CLANG_ENABLE_MODULES = YES;
				CLANG_ENABLE_OBJC_ARC = YES;
				CLANG_ENABLE_OBJC_WEAK = YES;
				CLANG_WARN_BLOCK_CAPTURE_AUTORELEASING = YES;
				CLANG_WARN_BOOL_CONVERSION = YES;
				CLANG_WARN_COMMA = YES;
				CLANG_WARN_CONSTANT_CONVERSION = YES;
				CLANG_WARN_DEPRECATED_OBJC_IMPLEMENTATIONS = YES;
				CLANG_WARN_DIRECT_OBJC_ISA_USAGE = YES_ERROR;
				CLANG_WARN_DOCUMENTATION_COMMENTS = YES;
				CLANG_WARN_EMPTY_BODY = YES;
				CLANG_WARN_ENUM_CONVERSION = YES;
				CLANG_WARN_INFINITE_RECURSION = YES;
				CLANG_WARN_INT_CONVERSION = YES;
				CLANG_WARN_NON_LITERAL_NULL_CONVERSION = YES;
				CLANG_WARN_OBJC_IMPLICIT_RETAIN_SELF = YES;
				CLANG_WARN_OBJC_LITERAL_CONVERSION = YES;
				CLANG_WARN_OBJC_ROOT_CLASS = YES_ERROR;
				CLANG_WARN_QUOTED_INCLUDE_IN_FRAMEWORK_HEADER = YES;
				CLANG_WARN_RANGE_LOOP_ANALYSIS = YES;
				CLANG_WARN_STRICT_PROTOTYPES = YES;
				CLANG_WARN_SUSPICIOUS_MOVE = YES;
				CLANG_WARN_UNGUARDED_AVAILABILITY = YES_AGGRESSIVE;
				CLANG_WARN_UNREACHABLE_CODE = YES;
				CLANG_WARN__DUPLICATE_METHOD_MATCH = YES;
				COPY_PHASE_STRIP = NO;
				DEBUG_INFORMATION_FORMAT = dwarf;
				ENABLE_STRICT_OBJC_MSGSEND = YES;
				ENABLE_TESTABILITY = YES;
				GCC_C_LANGUAGE_STANDARD = gnu11;
				GCC_DYNAMIC_NO_PIC = NO;
				GCC_NO_COMMON_BLOCKS = YES;
				GCC_OPTIMIZATION_LEVEL = 0;
				GCC_PREPROCESSOR_DEFINITIONS = (
					"DEBUG=1",
					"$(inherited)",
				);
				GCC_WARN_64_TO_32_BIT_CONVERSION = YES;
				GCC_WARN_ABOUT_RETURN_TYPE = YES_ERROR;
				GCC_WARN_UNDECLARED_SELECTOR = YES;
				GCC_WARN_UNINITIALIZED_AUTOS = YES_AGGRESSIVE;
				GCC_WARN_UNUSED_FUNCTION = YES;
				GCC_WARN_UNUSED_VARIABLE = YES;
				IPHONEOS_DEPLOYMENT_TARGET = 14.2;
				MTL_ENABLE_DEBUG_INFO = INCLUDE_SOURCE;
				MTL_FAST_MATH = YES;
				ONLY_ACTIVE_ARCH = YES;
				SDKROOT = iphoneos;
				SWIFT_ACTIVE_COMPILATION_CONDITIONS = DEBUG;
				SWIFT_OPTIMIZATION_LEVEL = "-Onone";
			};
			name = Debug;
		};
		DE0993632571FD37000D2D39 /* Release */ = {
			isa = XCBuildConfiguration;
			buildSettings = {
				ALWAYS_SEARCH_USER_PATHS = NO;
				CLANG_ANALYZER_NONNULL = YES;
				CLANG_ANALYZER_NUMBER_OBJECT_CONVERSION = YES_AGGRESSIVE;
				CLANG_CXX_LANGUAGE_STANDARD = "gnu++14";
				CLANG_CXX_LIBRARY = "libc++";
				CLANG_ENABLE_MODULES = YES;
				CLANG_ENABLE_OBJC_ARC = YES;
				CLANG_ENABLE_OBJC_WEAK = YES;
				CLANG_WARN_BLOCK_CAPTURE_AUTORELEASING = YES;
				CLANG_WARN_BOOL_CONVERSION = YES;
				CLANG_WARN_COMMA = YES;
				CLANG_WARN_CONSTANT_CONVERSION = YES;
				CLANG_WARN_DEPRECATED_OBJC_IMPLEMENTATIONS = YES;
				CLANG_WARN_DIRECT_OBJC_ISA_USAGE = YES_ERROR;
				CLANG_WARN_DOCUMENTATION_COMMENTS = YES;
				CLANG_WARN_EMPTY_BODY = YES;
				CLANG_WARN_ENUM_CONVERSION = YES;
				CLANG_WARN_INFINITE_RECURSION = YES;
				CLANG_WARN_INT_CONVERSION = YES;
				CLANG_WARN_NON_LITERAL_NULL_CONVERSION = YES;
				CLANG_WARN_OBJC_IMPLICIT_RETAIN_SELF = YES;
				CLANG_WARN_OBJC_LITERAL_CONVERSION = YES;
				CLANG_WARN_OBJC_ROOT_CLASS = YES_ERROR;
				CLANG_WARN_QUOTED_INCLUDE_IN_FRAMEWORK_HEADER = YES;
				CLANG_WARN_RANGE_LOOP_ANALYSIS = YES;
				CLANG_WARN_STRICT_PROTOTYPES = YES;
				CLANG_WARN_SUSPICIOUS_MOVE = YES;
				CLANG_WARN_UNGUARDED_AVAILABILITY = YES_AGGRESSIVE;
				CLANG_WARN_UNREACHABLE_CODE = YES;
				CLANG_WARN__DUPLICATE_METHOD_MATCH = YES;
				COPY_PHASE_STRIP = NO;
				DEBUG_INFORMATION_FORMAT = "dwarf-with-dsym";
				ENABLE_NS_ASSERTIONS = NO;
				ENABLE_STRICT_OBJC_MSGSEND = YES;
				GCC_C_LANGUAGE_STANDARD = gnu11;
				GCC_NO_COMMON_BLOCKS = YES;
				GCC_WARN_64_TO_32_BIT_CONVERSION = YES;
				GCC_WARN_ABOUT_RETURN_TYPE = YES_ERROR;
				GCC_WARN_UNDECLARED_SELECTOR = YES;
				GCC_WARN_UNINITIALIZED_AUTOS = YES_AGGRESSIVE;
				GCC_WARN_UNUSED_FUNCTION = YES;
				GCC_WARN_UNUSED_VARIABLE = YES;
				IPHONEOS_DEPLOYMENT_TARGET = 14.2;
				MTL_ENABLE_DEBUG_INFO = NO;
				MTL_FAST_MATH = YES;
				SDKROOT = iphoneos;
				SWIFT_COMPILATION_MODE = wholemodule;
				SWIFT_OPTIMIZATION_LEVEL = "-O";
				VALIDATE_PRODUCT = YES;
			};
			name = Release;
		};
		DE0993652571FD37000D2D39 /* Debug */ = {
			isa = XCBuildConfiguration;
			buildSettings = {
				ASSETCATALOG_COMPILER_APPICON_NAME = AppIcon;
				ASSETCATALOG_COMPILER_GLOBAL_ACCENT_COLOR_NAME = AccentColor;
				CODE_SIGN_STYLE = Automatic;
				DEVELOPMENT_TEAM = R6F5KHKKNX;
				INFOPLIST_FILE = SOFetch/Info.plist;
				LD_RUNPATH_SEARCH_PATHS = (
					"$(inherited)",
					"@executable_path/Frameworks",
				);
				PRODUCT_BUNDLE_IDENTIFIER = com.ghafla.SOFetch;
				PRODUCT_NAME = "$(TARGET_NAME)";
				SWIFT_VERSION = 5.0;
				TARGETED_DEVICE_FAMILY = "1,2";
			};
			name = Debug;
		};
		DE0993662571FD37000D2D39 /* Release */ = {
			isa = XCBuildConfiguration;
			buildSettings = {
				ASSETCATALOG_COMPILER_APPICON_NAME = AppIcon;
				ASSETCATALOG_COMPILER_GLOBAL_ACCENT_COLOR_NAME = AccentColor;
				CODE_SIGN_STYLE = Automatic;
				DEVELOPMENT_TEAM = R6F5KHKKNX;
				INFOPLIST_FILE = SOFetch/Info.plist;
				LD_RUNPATH_SEARCH_PATHS = (
					"$(inherited)",
					"@executable_path/Frameworks",
				);
				PRODUCT_BUNDLE_IDENTIFIER = com.ghafla.SOFetch;
				PRODUCT_NAME = "$(TARGET_NAME)";
				SWIFT_VERSION = 5.0;
				TARGETED_DEVICE_FAMILY = "1,2";
			};
			name = Release;
		};
/* End XCBuildConfiguration section */

/* Begin XCConfigurationList section */
		DE09934B2571FD36000D2D39 /* Build configuration list for PBXProject "SOFetch" */ = {
			isa = XCConfigurationList;
			buildConfigurations = (
				DE0993622571FD37000D2D39 /* Debug */,
				DE0993632571FD37000D2D39 /* Release */,
			);
			defaultConfigurationIsVisible = 0;
			defaultConfigurationName = Release;
		};
		DE0993642571FD37000D2D39 /* Build configuration list for PBXNativeTarget "SOFetch" */ = {
			isa = XCConfigurationList;
			buildConfigurations = (
				DE0993652571FD37000D2D39 /* Debug */,
				DE0993662571FD37000D2D39 /* Release */,
			);
			defaultConfigurationIsVisible = 0;
			defaultConfigurationName = Release;
		};
/* End XCConfigurationList section */
	};
	rootObject = DE0993482571FD36000D2D39 /* Project object */;
}
